
Microsoft Visual Studio Solution File, Format Version 12.00
# Visual Studio 14
VisualStudioVersion = 14.0.25420.1
MinimumVisualStudioVersion = 10.0.40219.1
Project("{FAE04EC0-301F-11D3-BF4B-00C04F79EFBC}") = "WpfApplication.DataAccess", "WpfApplication.DataAccess\WpfApplication.DataAccess.csproj", "{0DAF37BC-6DD7-4628-B491-04A90D07FA5A}"
EndProject
Project("{FAE04EC0-301F-11D3-BF4B-00C04F79EFBC}") = "WpfApplication.Model", "WpfApplication.Model\WpfApplication.Model.csproj", "{F3786E11-6901-48CB-B455-119C226697A9}"
EndProject
Project("{FAE04EC0-301F-11D3-BF4B-00C04F79EFBC}") = "WpfApplication.UITests", "WpfApplication.UITests\WpfApplication.UITests.csproj", "{ACBBEAAB-1472-44FE-B3EE-79A6E11E6273}"
EndProject
Project("{FAE04EC0-301F-11D3-BF4B-00C04F79EFBC}") = "WpfApplication.UI", "WpfApplication.UI\WpfApplication.UI.csproj", "{94B24546-1F7F-47CF-BE0D-4DA2B3BC923C}"
EndProject
Global
	GlobalSection(SolutionConfigurationPlatforms) = preSolution
		Debug|Any CPU = Debug|Any CPU
		Release|Any CPU = Release|Any CPU
	EndGlobalSection
	GlobalSection(ProjectConfigurationPlatforms) = postSolution
		{0DAF37BC-6DD7-4628-B491-04A90D07FA5A}.Debug|Any CPU.ActiveCfg = Debug|Any CPU
		{0DAF37BC-6DD7-4628-B491-04A90D07FA5A}.Debug|Any CPU.Build.0 = Debug|Any CPU
		{0DAF37BC-6DD7-4628-B491-04A90D07FA5A}.Release|Any CPU.ActiveCfg = Release|Any CPU
		{0DAF37BC-6DD7-4628-B491-04A90D07FA5A}.Release|Any CPU.Build.0 = Release|Any CPU
		{F3786E11-6901-48CB-B455-119C226697A9}.Debug|Any CPU.ActiveCfg = Debug|Any CPU
		{F3786E11-6901-48CB-B455-119C226697A9}.Debug|Any CPU.Build.0 = Debug|Any CPU
		{F3786E11-6901-48CB-B455-119C226697A9}.Release|Any CPU.ActiveCfg = Release|Any CPU
		{F3786E11-6901-48CB-B455-119C226697A9}.Release|Any CPU.Build.0 = Release|Any CPU
		{ACBBEAAB-1472-44FE-B3EE-79A6E11E6273}.Debug|Any CPU.ActiveCfg = Debug|Any CPU
		{ACBBEAAB-1472-44FE-B3EE-79A6E11E6273}.Debug|Any CPU.Build.0 = Debug|Any CPU
		{ACBBEAAB-1472-44FE-B3EE-79A6E11E6273}.Release|Any CPU.ActiveCfg = Release|Any CPU
		{ACBBEAAB-1472-44FE-B3EE-79A6E11E6273}.Release|Any CPU.Build.0 = Release|Any CPU
		{94B24546-1F7F-47CF-BE0D-4DA2B3BC923C}.Debug|Any CPU.ActiveCfg = Debug|Any CPU
		{94B24546-1F7F-47CF-BE0D-4DA2B3BC923C}.Debug|Any CPU.Build.0 = Debug|Any CPU
		{94B24546-1F7F-47CF-BE0D-4DA2B3BC923C}.Release|Any CPU.ActiveCfg = Release|Any CPU
		{94B24546-1F7F-47CF-BE0D-4DA2B3BC923C}.Release|Any CPU.Build.0 = Release|Any CPU
	EndGlobalSection
	GlobalSection(SolutionProperties) = preSolution
		HideSolutionNode = FALSE
	EndGlobalSection
EndGlobal
